#this file contains the terraform plan
aws_iam_user.interview-bot: Refreshing state... [id=interview-bot]
data.aws_iam_policy_document.bot-policy: Reading...
data.aws_iam_policy_document.bot-policy: Read complete after 0s [id=2689579859]

Terraform used the selected providers to generate the following execution plan. Resource
actions are indicated with the following symbols:
  + create

Terraform will perform the following actions:

  # aws_iam_access_key.interview-bot will be created
  + resource "aws_iam_access_key" "interview-bot" {
      + create_date                    = (known after apply)
      + encrypted_secret               = (known after apply)
      + encrypted_ses_smtp_password_v4 = (known after apply)
      + id                             = (known after apply)
      + key_fingerprint                = (known after apply)
      + secret                         = (sensitive value)
      + ses_smtp_password_v4           = (sensitive value)
      + status                         = "Active"
      + user                           = "interview-bot"
    }

  # aws_iam_user.interview-developer will be created
  + resource "aws_iam_user" "interview-developer" {
      + arn           = (known after apply)
      + force_destroy = false
      + id            = (known after apply)
      + name          = "interview-developer"
      + path          = "/"
      + tags          = {
          + "tag-key" = "interview-developer"
        }
      + tags_all      = {
          + "tag-key" = "interview-developer"
        }
      + unique_id     = (known after apply)
    }

  # aws_secretsmanager_secret.extend-interview will be created
  + resource "aws_secretsmanager_secret" "extend-interview" {
      + arn                            = (known after apply)
      + force_overwrite_replica_secret = false
      + id                             = (known after apply)
      + name                           = "extend-interview/donaho"
      + name_prefix                    = (known after apply)
      + policy                         = (known after apply)
      + recovery_window_in_days        = 30
      + rotation_enabled               = (known after apply)
      + rotation_lambda_arn            = (known after apply)
      + tags_all                       = (known after apply)

      + replica {
          + kms_key_id         = (known after apply)
          + last_accessed_date = (known after apply)
          + region             = (known after apply)
          + status             = (known after apply)
          + status_message     = (known after apply)
        }

      + rotation_rules {
          + automatically_after_days = (known after apply)
        }
    }

  # aws_secretsmanager_secret_policy.bot-policy will be created
  + resource "aws_secretsmanager_secret_policy" "bot-policy" {
      + id         = (known after apply)
      + policy     = jsonencode(
            {
              + Statement = [
                  + {
                      + Action    = "secretsmanager:GetSecretValue"
                      + Effect    = "Allow"
                      + Principal = {
                          + AWS = "arn:aws:iam::923126268733:user/interview-bot"
                        }
                      + Resource  = "*"
                      + Sid       = "EnableAnotherAWSAccountToReadTheSecret"
                    },
                ]
              + Version   = "2012-10-17"
            }
        )
      + secret_arn = (known after apply)
    }

  # aws_secretsmanager_secret_version.value will be created
  + resource "aws_secretsmanager_secret_version" "value" {
      + arn            = (known after apply)
      + id             = (known after apply)
      + secret_id      = (known after apply)
      + secret_string  = (sensitive value)
      + version_id     = (known after apply)
      + version_stages = (known after apply)
    }

  # local_file.interview_bot_credentials will be created
  + resource "local_file" "interview_bot_credentials" {
      + content              = (sensitive value)
      + content_base64sha256 = (known after apply)
      + content_base64sha512 = (known after apply)
      + content_md5          = (known after apply)
      + content_sha1         = (known after apply)
      + content_sha256       = (known after apply)
      + content_sha512       = (known after apply)
      + directory_permission = "0777"
      + file_permission      = "0777"
      + filename             = "interview_bot_credentials.txt"
      + id                   = (known after apply)
    }

Plan: 6 to add, 0 to change, 0 to destroy.

Changes to Outputs:
  + aws_secretsmanager_secret = {
      + arn                            = (known after apply)
      + description                    = null
      + force_overwrite_replica_secret = false
      + id                             = (known after apply)
      + kms_key_id                     = null
      + name                           = "extend-interview/donaho"
      + name_prefix                    = (known after apply)
      + policy                         = (known after apply)
      + recovery_window_in_days        = 30
      + replica                        = (known after apply)
      + rotation_enabled               = (known after apply)
      + rotation_lambda_arn            = (known after apply)
      + rotation_rules                 = (known after apply)
      + tags                           = null
      + tags_all                       = (known after apply)
    }
  + user_id                   = (known after apply)
  + user_secret               = (known after apply)
